{
  "name": "rpk-api-crawler",
  "version": "0.0.0",
  "lockfileVersion": 1,
  "requires": true,
  "dependencies": {
    "commander": {
      "version": "2.17.1",
      "resolved": "https://registry.npmjs.org/commander/-/commander-2.17.1.tgz",
      "integrity": "sha512-wPMUt6FnH2yzG95SA6mzjQOEKUU3aLaDEmzs1ti+1E9h+CsrZghRlqEM/EJ4KscsQVG8uNN4uVreUeT8+drlgg=="
    },
    "dotenv": {
      "version": "6.0.0",
      "resolved": "https://registry.npmjs.org/dotenv/-/dotenv-6.0.0.tgz",
      "integrity": "sha512-FlWbnhgjtwD+uNLUGHbMykMOYQaTivdHEmYwAKFjn6GKe/CqY0fNae93ZHTd20snh9ZLr8mTzIL9m0APQ1pjQg=="
    },
    "isomorphic-unfetch": {
      "version": "2.1.1",
      "resolved": "https://registry.npmjs.org/isomorphic-unfetch/-/isomorphic-unfetch-2.1.1.tgz",
      "integrity": "sha512-nd8AULy4i2rA8dv0nOBT9xieIegd3xi7NDxTQ9+iNXDTyaG6VbUYW3F+TdMRqxqXhDFWM2k7fttKx9W2Wd8JpQ==",
      "requires": {
        "node-fetch": "^2.1.2",
        "unfetch": "^3.1.0"
      }
    },
    "node-fetch": {
      "version": "2.2.0",
      "resolved": "https://registry.npmjs.org/node-fetch/-/node-fetch-2.2.0.tgz",
      "integrity": "sha512-OayFWziIxiHY8bCUyLX6sTpDH8Jsbp4FfYd1j1f7vZyfgkcOnAyM4oQR16f8a0s7Gl/viMGRey8eScYk4V4EZA=="
    },
    "unfetch": {
      "version": "3.1.1",
      "resolved": "https://registry.npmjs.org/unfetch/-/unfetch-3.1.1.tgz",
      "integrity": "sha512-syDl3htvM56w0HC0PTVA5jEEknOCJ3dWgWGDuaEtQUno8ORDCfZQbm12RzfWO3AC3YhWDoP61dlgmo8Z05Y97g=="
    }
  }
}
